
Microsoft Visual Studio Solution File, Format Version 12.00
# Visual Studio Version 16
VisualStudioVersion = 16.0.29215.179
MinimumVisualStudioVersion = 10.0.40219.1
Project("{FAE04EC0-301F-11D3-BF4B-00C04F79EFBC}") = "Database", "Database\Database.csproj", "{2FBCD22C-FF6A-40A0-8973-7A8D7FC9D6AD}"
EndProject
Global
	GlobalSection(SolutionConfigurationPlatforms) = preSolution
		Debug|Any CPU = Debug|Any CPU
		Release|Any CPU = Release|Any CPU
	EndGlobalSection
	GlobalSection(ProjectConfigurationPlatforms) = postSolution
		{2FBCD22C-FF6A-40A0-8973-7A8D7FC9D6AD}.Debug|Any CPU.ActiveCfg = Debug|Any CPU
		{2FBCD22C-FF6A-40A0-8973-7A8D7FC9D6AD}.Debug|Any CPU.Build.0 = Debug|Any CPU
		{2FBCD22C-FF6A-40A0-8973-7A8D7FC9D6AD}.Release|Any CPU.ActiveCfg = Release|Any CPU
		{2FBCD22C-FF6A-40A0-8973-7A8D7FC9D6AD}.Release|Any CPU.Build.0 = Release|Any CPU
	EndGlobalSection
	GlobalSection(SolutionProperties) = preSolution
		HideSolutionNode = FALSE
	EndGlobalSection
	GlobalSection(ExtensibilityGlobals) = postSolution
		SolutionGuid = {F56C8ED6-1413-4ACF-874D-99E399C7BB1F}
	EndGlobalSection
EndGlobal
